
Microsoft Visual Studio Solution File, Format Version 12.00
# Visual Studio Version 17
VisualStudioVersion = 17.12.35521.163 d17.12
MinimumVisualStudioVersion = 10.0.40219.1
Project("{FAE04EC0-301F-11D3-BF4B-00C04F79EFBC}") = "Heap-Sort Algorithm", "Heap-Sort Algorithm\Heap-Sort Algorithm.csproj", "{972E2EDC-5960-49D6-934C-529D69D6700C}"
EndProject
Project("{FAE04EC0-301F-11D3-BF4B-00C04F79EFBC}") = "Kruskal’s Algorithm", "Kruskal’s Algorithm\Kruskal’s Algorithm.csproj", "{C117CC7D-49B1-431B-AB40-E3A281246E90}"
EndProject
Global
	GlobalSection(SolutionConfigurationPlatforms) = preSolution
		Debug|Any CPU = Debug|Any CPU
		Release|Any CPU = Release|Any CPU
	EndGlobalSection
	GlobalSection(ProjectConfigurationPlatforms) = postSolution
		{972E2EDC-5960-49D6-934C-529D69D6700C}.Debug|Any CPU.ActiveCfg = Debug|Any CPU
		{972E2EDC-5960-49D6-934C-529D69D6700C}.Debug|Any CPU.Build.0 = Debug|Any CPU
		{972E2EDC-5960-49D6-934C-529D69D6700C}.Release|Any CPU.ActiveCfg = Release|Any CPU
		{972E2EDC-5960-49D6-934C-529D69D6700C}.Release|Any CPU.Build.0 = Release|Any CPU
		{C117CC7D-49B1-431B-AB40-E3A281246E90}.Debug|Any CPU.ActiveCfg = Debug|Any CPU
		{C117CC7D-49B1-431B-AB40-E3A281246E90}.Debug|Any CPU.Build.0 = Debug|Any CPU
		{C117CC7D-49B1-431B-AB40-E3A281246E90}.Release|Any CPU.ActiveCfg = Release|Any CPU
		{C117CC7D-49B1-431B-AB40-E3A281246E90}.Release|Any CPU.Build.0 = Release|Any CPU
	EndGlobalSection
	GlobalSection(SolutionProperties) = preSolution
		HideSolutionNode = FALSE
	EndGlobalSection
EndGlobal
